
Microsoft Visual Studio Solution File, Format Version 12.00
# Visual Studio Version 17
VisualStudioVersion = 17.13.35828.75 d17.13
MinimumVisualStudioVersion = 10.0.40219.1
Project("{FAE04EC0-301F-11D3-BF4B-00C04F79EFBC}") = "backend", "backend.csproj", "{6BD94A0F-5370-4144-95EF-8055B43CE9B0}"
EndProject
Global
	GlobalSection(SolutionConfigurationPlatforms) = preSolution
		Debug|Any CPU = Debug|Any CPU
		Release|Any CPU = Release|Any CPU
	EndGlobalSection
	GlobalSection(ProjectConfigurationPlatforms) = postSolution
		{6BD94A0F-5370-4144-95EF-8055B43CE9B0}.Debug|Any CPU.ActiveCfg = Debug|Any CPU
		{6BD94A0F-5370-4144-95EF-8055B43CE9B0}.Debug|Any CPU.Build.0 = Debug|Any CPU
		{6BD94A0F-5370-4144-95EF-8055B43CE9B0}.Release|Any CPU.ActiveCfg = Release|Any CPU
		{6BD94A0F-5370-4144-95EF-8055B43CE9B0}.Release|Any CPU.Build.0 = Release|Any CPU
	EndGlobalSection
	GlobalSection(SolutionProperties) = preSolution
		HideSolutionNode = FALSE
	EndGlobalSection
	GlobalSection(ExtensibilityGlobals) = postSolution
		SolutionGuid = {9B9DC275-2C83-4E7A-B890-88AE805ACE89}
	EndGlobalSection
EndGlobal
